
Microsoft Visual Studio Solution File, Format Version 12.00
# Visual Studio 15
VisualStudioVersion = 15.0.28307.902
MinimumVisualStudioVersion = 10.0.40219.1
Project("{FAE04EC0-301F-11D3-BF4B-00C04F79EFBC}") = "OutageShutdown", "OutageShutdown\OutageShutdown.csproj", "{9DF3E41B-3A8D-47CD-A928-FEAAE715111C}"
EndProject
Global
	GlobalSection(SolutionConfigurationPlatforms) = preSolution
		Debug|Any CPU = Debug|Any CPU
		Release|Any CPU = Release|Any CPU
	EndGlobalSection
	GlobalSection(ProjectConfigurationPlatforms) = postSolution
		{9DF3E41B-3A8D-47CD-A928-FEAAE715111C}.Debug|Any CPU.ActiveCfg = Debug|Any CPU
		{9DF3E41B-3A8D-47CD-A928-FEAAE715111C}.Debug|Any CPU.Build.0 = Debug|Any CPU
		{9DF3E41B-3A8D-47CD-A928-FEAAE715111C}.Release|Any CPU.ActiveCfg = Release|Any CPU
		{9DF3E41B-3A8D-47CD-A928-FEAAE715111C}.Release|Any CPU.Build.0 = Release|Any CPU
	EndGlobalSection
	GlobalSection(SolutionProperties) = preSolution
		HideSolutionNode = FALSE
	EndGlobalSection
	GlobalSection(ExtensibilityGlobals) = postSolution
		SolutionGuid = {61943BF8-1289-49C5-9E96-5EA777E9DE88}
	EndGlobalSection
EndGlobal
